
Microsoft Visual Studio Solution File, Format Version 12.00
# Visual Studio Version 16
VisualStudioVersion = 16.0.30523.141
MinimumVisualStudioVersion = 10.0.40219.1
Project("{9A19103F-16F7-4668-BE54-9A1E7A4F7556}") = "WPF_RESNET", "WPF_RESNET\WPF_RESNET.csproj", "{02064052-EA5D-42F6-B003-D5D2A9B942C7}"
EndProject
Project("{9A19103F-16F7-4668-BE54-9A1E7A4F7556}") = "MyLibrary", "MyLibrary\MyLibrary.csproj", "{FFA5AC55-D55B-4C9C-B3FB-CED9A2100DB7}"
EndProject
Project("{9A19103F-16F7-4668-BE54-9A1E7A4F7556}") = "ConsoleApp", "ConsoleApp\ConsoleApp.csproj", "{F1AA83A9-2051-4F4B-97D5-09321CD49798}"
EndProject
Project("{FAE04EC0-301F-11D3-BF4B-00C04F79EFBC}") = "Server", "Server\Server.csproj", "{2E4887F5-CB40-4C35-9959-1FD1E0A679EC}"
EndProject
Project("{FAE04EC0-301F-11D3-BF4B-00C04F79EFBC}") = "Contracts", "Contracts\Contracts.csproj", "{00F65AB2-66F6-46CC-91A3-FE37C27CC780}"
EndProject
Global
	GlobalSection(SolutionConfigurationPlatforms) = preSolution
		Debug|Any CPU = Debug|Any CPU
		Release|Any CPU = Release|Any CPU
	EndGlobalSection
	GlobalSection(ProjectConfigurationPlatforms) = postSolution
		{02064052-EA5D-42F6-B003-D5D2A9B942C7}.Debug|Any CPU.ActiveCfg = Debug|Any CPU
		{02064052-EA5D-42F6-B003-D5D2A9B942C7}.Debug|Any CPU.Build.0 = Debug|Any CPU
		{02064052-EA5D-42F6-B003-D5D2A9B942C7}.Release|Any CPU.ActiveCfg = Release|Any CPU
		{02064052-EA5D-42F6-B003-D5D2A9B942C7}.Release|Any CPU.Build.0 = Release|Any CPU
		{FFA5AC55-D55B-4C9C-B3FB-CED9A2100DB7}.Debug|Any CPU.ActiveCfg = Debug|Any CPU
		{FFA5AC55-D55B-4C9C-B3FB-CED9A2100DB7}.Debug|Any CPU.Build.0 = Debug|Any CPU
		{FFA5AC55-D55B-4C9C-B3FB-CED9A2100DB7}.Release|Any CPU.ActiveCfg = Release|Any CPU
		{FFA5AC55-D55B-4C9C-B3FB-CED9A2100DB7}.Release|Any CPU.Build.0 = Release|Any CPU
		{F1AA83A9-2051-4F4B-97D5-09321CD49798}.Debug|Any CPU.ActiveCfg = Debug|Any CPU
		{F1AA83A9-2051-4F4B-97D5-09321CD49798}.Debug|Any CPU.Build.0 = Debug|Any CPU
		{F1AA83A9-2051-4F4B-97D5-09321CD49798}.Release|Any CPU.ActiveCfg = Release|Any CPU
		{F1AA83A9-2051-4F4B-97D5-09321CD49798}.Release|Any CPU.Build.0 = Release|Any CPU
		{2E4887F5-CB40-4C35-9959-1FD1E0A679EC}.Debug|Any CPU.ActiveCfg = Debug|Any CPU
		{2E4887F5-CB40-4C35-9959-1FD1E0A679EC}.Debug|Any CPU.Build.0 = Debug|Any CPU
		{2E4887F5-CB40-4C35-9959-1FD1E0A679EC}.Release|Any CPU.ActiveCfg = Release|Any CPU
		{2E4887F5-CB40-4C35-9959-1FD1E0A679EC}.Release|Any CPU.Build.0 = Release|Any CPU
		{00F65AB2-66F6-46CC-91A3-FE37C27CC780}.Debug|Any CPU.ActiveCfg = Debug|Any CPU
		{00F65AB2-66F6-46CC-91A3-FE37C27CC780}.Debug|Any CPU.Build.0 = Debug|Any CPU
		{00F65AB2-66F6-46CC-91A3-FE37C27CC780}.Release|Any CPU.ActiveCfg = Release|Any CPU
		{00F65AB2-66F6-46CC-91A3-FE37C27CC780}.Release|Any CPU.Build.0 = Release|Any CPU
	EndGlobalSection
	GlobalSection(SolutionProperties) = preSolution
		HideSolutionNode = FALSE
	EndGlobalSection
	GlobalSection(ExtensibilityGlobals) = postSolution
		SolutionGuid = {077D820C-E39E-4BDE-BA8A-9F1AE706478A}
	EndGlobalSection
EndGlobal
