
Microsoft Visual Studio Solution File, Format Version 12.00
# Visual Studio Version 16
VisualStudioVersion = 16.0.30523.141
MinimumVisualStudioVersion = 10.0.40219.1
Project("{FAE04EC0-301F-11D3-BF4B-00C04F79EFBC}") = "Eremin2020", "Eremin2020\Eremin2020.csproj", "{9A685E0A-B37A-49CE-A810-C52DA398608B}"
EndProject
Project("{FAE04EC0-301F-11D3-BF4B-00C04F79EFBC}") = "MyLibrary", "MyLibrary\MyLibrary.csproj", "{41D12703-E479-46CE-A033-4537490FC807}"
EndProject
Global
	GlobalSection(SolutionConfigurationPlatforms) = preSolution
		Debug|Any CPU = Debug|Any CPU
		Debug|x64 = Debug|x64
		Release|Any CPU = Release|Any CPU
		Release|x64 = Release|x64
	EndGlobalSection
	GlobalSection(ProjectConfigurationPlatforms) = postSolution
		{9A685E0A-B37A-49CE-A810-C52DA398608B}.Debug|Any CPU.ActiveCfg = Debug|Any CPU
		{9A685E0A-B37A-49CE-A810-C52DA398608B}.Debug|Any CPU.Build.0 = Debug|Any CPU
		{9A685E0A-B37A-49CE-A810-C52DA398608B}.Debug|x64.ActiveCfg = Debug|x64
		{9A685E0A-B37A-49CE-A810-C52DA398608B}.Debug|x64.Build.0 = Debug|x64
		{9A685E0A-B37A-49CE-A810-C52DA398608B}.Release|Any CPU.ActiveCfg = Release|Any CPU
		{9A685E0A-B37A-49CE-A810-C52DA398608B}.Release|Any CPU.Build.0 = Release|Any CPU
		{9A685E0A-B37A-49CE-A810-C52DA398608B}.Release|x64.ActiveCfg = Release|x64
		{9A685E0A-B37A-49CE-A810-C52DA398608B}.Release|x64.Build.0 = Release|x64
		{41D12703-E479-46CE-A033-4537490FC807}.Debug|Any CPU.ActiveCfg = Debug|Any CPU
		{41D12703-E479-46CE-A033-4537490FC807}.Debug|Any CPU.Build.0 = Debug|Any CPU
		{41D12703-E479-46CE-A033-4537490FC807}.Debug|x64.ActiveCfg = Debug|x64
		{41D12703-E479-46CE-A033-4537490FC807}.Debug|x64.Build.0 = Debug|x64
		{41D12703-E479-46CE-A033-4537490FC807}.Release|Any CPU.ActiveCfg = Release|Any CPU
		{41D12703-E479-46CE-A033-4537490FC807}.Release|Any CPU.Build.0 = Release|Any CPU
		{41D12703-E479-46CE-A033-4537490FC807}.Release|x64.ActiveCfg = Release|x64
		{41D12703-E479-46CE-A033-4537490FC807}.Release|x64.Build.0 = Release|x64
	EndGlobalSection
	GlobalSection(SolutionProperties) = preSolution
		HideSolutionNode = FALSE
	EndGlobalSection
	GlobalSection(ExtensibilityGlobals) = postSolution
		SolutionGuid = {F6C8B5FC-7934-4782-8813-C96B0FFA41E4}
	EndGlobalSection
EndGlobal
